
Microsoft Visual Studio Solution File, Format Version 12.00
# Visual Studio Version 16
VisualStudioVersion = 16.0.29409.12
MinimumVisualStudioVersion = 10.0.40219.1
Project("{FAE04EC0-301F-11D3-BF4B-00C04F79EFBC}") = "WindowsFormsApp1", "WindowsFormsApp1\WindowsFormsApp1.csproj", "{533788F8-DB05-4EA0-880E-1CC5DC3BC70C}"
EndProject
Global
	GlobalSection(SolutionConfigurationPlatforms) = preSolution
		Debug|Any CPU = Debug|Any CPU
		Release|Any CPU = Release|Any CPU
	EndGlobalSection
	GlobalSection(ProjectConfigurationPlatforms) = postSolution
		{533788F8-DB05-4EA0-880E-1CC5DC3BC70C}.Debug|Any CPU.ActiveCfg = Debug|Any CPU
		{533788F8-DB05-4EA0-880E-1CC5DC3BC70C}.Debug|Any CPU.Build.0 = Debug|Any CPU
		{533788F8-DB05-4EA0-880E-1CC5DC3BC70C}.Release|Any CPU.ActiveCfg = Release|Any CPU
		{533788F8-DB05-4EA0-880E-1CC5DC3BC70C}.Release|Any CPU.Build.0 = Release|Any CPU
	EndGlobalSection
	GlobalSection(SolutionProperties) = preSolution
		HideSolutionNode = FALSE
	EndGlobalSection
	GlobalSection(ExtensibilityGlobals) = postSolution
		SolutionGuid = {A4CF9913-8598-481B-9DA8-42A5BAFAD532}
	EndGlobalSection
EndGlobal
